
Microsoft Visual Studio Solution File, Format Version 12.00
# Visual Studio Version 17
VisualStudioVersion = 17.4.33110.190
MinimumVisualStudioVersion = 10.0.40219.1
Project("{9A19103F-16F7-4668-BE54-9A1E7A4F7556}") = "ToDo.Api", "ToDo.Api\ToDo.Api.csproj", "{77CD7FE2-A04C-42D8-905D-45ABB25A7C24}"
EndProject
Project("{2150E333-8FDC-42A3-9474-1A3956D46DE8}") = "SolutionItems", "SolutionItems", "{FBF2742C-783D-4CA8-AC8B-E2566114DFEF}"
	ProjectSection(SolutionItems) = preProject
		.gitignore = .gitignore
	EndProjectSection
EndProject
Project("{FAE04EC0-301F-11D3-BF4B-00C04F79EFBC}") = "ToDo.Contracts", "ToDo.Contracts\ToDo.Contracts.csproj", "{4A174FBE-9FAA-4B6D-A35E-CF28A1ABD31A}"
EndProject
Project("{FAE04EC0-301F-11D3-BF4B-00C04F79EFBC}") = "ToDo.App", "ToDo.App\ToDo.App.csproj", "{0CA5B7BC-259C-4BEE-B513-E41C5DC5C03D}"
EndProject
Global
	GlobalSection(SolutionConfigurationPlatforms) = preSolution
		Debug|Any CPU = Debug|Any CPU
		Release|Any CPU = Release|Any CPU
	EndGlobalSection
	GlobalSection(ProjectConfigurationPlatforms) = postSolution
		{77CD7FE2-A04C-42D8-905D-45ABB25A7C24}.Debug|Any CPU.ActiveCfg = Debug|Any CPU
		{77CD7FE2-A04C-42D8-905D-45ABB25A7C24}.Debug|Any CPU.Build.0 = Debug|Any CPU
		{77CD7FE2-A04C-42D8-905D-45ABB25A7C24}.Release|Any CPU.ActiveCfg = Release|Any CPU
		{77CD7FE2-A04C-42D8-905D-45ABB25A7C24}.Release|Any CPU.Build.0 = Release|Any CPU
		{4A174FBE-9FAA-4B6D-A35E-CF28A1ABD31A}.Debug|Any CPU.ActiveCfg = Debug|Any CPU
		{4A174FBE-9FAA-4B6D-A35E-CF28A1ABD31A}.Debug|Any CPU.Build.0 = Debug|Any CPU
		{4A174FBE-9FAA-4B6D-A35E-CF28A1ABD31A}.Release|Any CPU.ActiveCfg = Release|Any CPU
		{4A174FBE-9FAA-4B6D-A35E-CF28A1ABD31A}.Release|Any CPU.Build.0 = Release|Any CPU
		{0CA5B7BC-259C-4BEE-B513-E41C5DC5C03D}.Debug|Any CPU.ActiveCfg = Debug|Any CPU
		{0CA5B7BC-259C-4BEE-B513-E41C5DC5C03D}.Debug|Any CPU.Build.0 = Debug|Any CPU
		{0CA5B7BC-259C-4BEE-B513-E41C5DC5C03D}.Debug|Any CPU.Deploy.0 = Debug|Any CPU
		{0CA5B7BC-259C-4BEE-B513-E41C5DC5C03D}.Release|Any CPU.ActiveCfg = Release|Any CPU
		{0CA5B7BC-259C-4BEE-B513-E41C5DC5C03D}.Release|Any CPU.Build.0 = Release|Any CPU
		{0CA5B7BC-259C-4BEE-B513-E41C5DC5C03D}.Release|Any CPU.Deploy.0 = Release|Any CPU
	EndGlobalSection
	GlobalSection(SolutionProperties) = preSolution
		HideSolutionNode = FALSE
	EndGlobalSection
	GlobalSection(ExtensibilityGlobals) = postSolution
		SolutionGuid = {8BA38E30-948A-47D3-A4B6-A8D51E882D49}
	EndGlobalSection
EndGlobal
